
Microsoft Visual Studio Solution File, Format Version 12.00
# Visual Studio Version 17
VisualStudioVersion = 17.10.35013.160
MinimumVisualStudioVersion = 10.0.40219.1
Project("{FAE04EC0-301F-11D3-BF4B-00C04F79EFBC}") = "OffboardMDEDevice", "OffboardMDEDevice\OffboardMDEDevice.csproj", "{64D7DB55-5112-4121-AF4D-A87ED8A77C49}"
EndProject
Global
	GlobalSection(SolutionConfigurationPlatforms) = preSolution
		Debug|Any CPU = Debug|Any CPU
		Release|Any CPU = Release|Any CPU
	EndGlobalSection
	GlobalSection(ProjectConfigurationPlatforms) = postSolution
		{64D7DB55-5112-4121-AF4D-A87ED8A77C49}.Debug|Any CPU.ActiveCfg = Debug|Any CPU
		{64D7DB55-5112-4121-AF4D-A87ED8A77C49}.Debug|Any CPU.Build.0 = Debug|Any CPU
		{64D7DB55-5112-4121-AF4D-A87ED8A77C49}.Release|Any CPU.ActiveCfg = Release|Any CPU
		{64D7DB55-5112-4121-AF4D-A87ED8A77C49}.Release|Any CPU.Build.0 = Release|Any CPU
	EndGlobalSection
	GlobalSection(SolutionProperties) = preSolution
		HideSolutionNode = FALSE
	EndGlobalSection
	GlobalSection(ExtensibilityGlobals) = postSolution
		SolutionGuid = {04F09A72-2515-4CC8-B258-32BCC864DABD}
	EndGlobalSection
EndGlobal
